{
  "requires": true,
  "lockfileVersion": 1,
  "dependencies": {
    "@ionic/pwa-elements": {
      "version": "3.0.1",
      "resolved": "https://registry.npmjs.org/@ionic/pwa-elements/-/pwa-elements-3.0.1.tgz",
      "integrity": "sha512-X3wQmiNBx3umAjIZTkDEouOLE907ZhPm/qD844BrQe47/Qf++r35DyedbPODl5cODrgY05xBiOQiScGliS2k9Q=="
    },
    "angular-in-memory-web-api": {
      "version": "0.11.0",
      "resolved": "https://registry.npmjs.org/angular-in-memory-web-api/-/angular-in-memory-web-api-0.11.0.tgz",
      "integrity": "sha512-QV1qYHm+Zd+wrvlcPLnAcqqGpOmCN1EUj4rRuYHpek8+QqFFdxBNuPZOJCKvU7I97z5QSKHsdc6PNKlpUQr3UA=="
    }
  }
}
